
Microsoft Visual Studio Solution File, Format Version 12.00
# Visual Studio Version 16
VisualStudioVersion = 16.0.33328.57
MinimumVisualStudioVersion = 10.0.40219.1
Project("{FAE04EC0-301F-11D3-BF4B-00C04F79EFBC}") = "U26A2", "U26A2\U26A2.csproj", "{4B0F02E5-CF9E-4EBA-B3A5-98AEAC9047DE}"
EndProject
Global
	GlobalSection(SolutionConfigurationPlatforms) = preSolution
		Debug|Any CPU = Debug|Any CPU
		Release|Any CPU = Release|Any CPU
	EndGlobalSection
	GlobalSection(ProjectConfigurationPlatforms) = postSolution
		{4B0F02E5-CF9E-4EBA-B3A5-98AEAC9047DE}.Debug|Any CPU.ActiveCfg = Debug|Any CPU
		{4B0F02E5-CF9E-4EBA-B3A5-98AEAC9047DE}.Debug|Any CPU.Build.0 = Debug|Any CPU
		{4B0F02E5-CF9E-4EBA-B3A5-98AEAC9047DE}.Release|Any CPU.ActiveCfg = Release|Any CPU
		{4B0F02E5-CF9E-4EBA-B3A5-98AEAC9047DE}.Release|Any CPU.Build.0 = Release|Any CPU
	EndGlobalSection
	GlobalSection(SolutionProperties) = preSolution
		HideSolutionNode = FALSE
	EndGlobalSection
	GlobalSection(ExtensibilityGlobals) = postSolution
		SolutionGuid = {989AB94C-7BE4-4940-952D-1A392623F86F}
	EndGlobalSection
EndGlobal
